
Microsoft Visual Studio Solution File, Format Version 12.00
# Visual Studio Version 17
VisualStudioVersion = 17.8.34309.116
MinimumVisualStudioVersion = 10.0.40219.1
Project("{FAE04EC0-301F-11D3-BF4B-00C04F79EFBC}") = "HolbertonExample", "HolbertonExample.csproj", "{52E8DDC9-F694-468D-A8B0-F5887C16DBA4}"
EndProject
Global
	GlobalSection(SolutionConfigurationPlatforms) = preSolution
		Debug|Any CPU = Debug|Any CPU
		Release|Any CPU = Release|Any CPU
	EndGlobalSection
	GlobalSection(ProjectConfigurationPlatforms) = postSolution
		{52E8DDC9-F694-468D-A8B0-F5887C16DBA4}.Debug|Any CPU.ActiveCfg = Debug|Any CPU
		{52E8DDC9-F694-468D-A8B0-F5887C16DBA4}.Debug|Any CPU.Build.0 = Debug|Any CPU
		{52E8DDC9-F694-468D-A8B0-F5887C16DBA4}.Release|Any CPU.ActiveCfg = Release|Any CPU
		{52E8DDC9-F694-468D-A8B0-F5887C16DBA4}.Release|Any CPU.Build.0 = Release|Any CPU
	EndGlobalSection
	GlobalSection(SolutionProperties) = preSolution
		HideSolutionNode = FALSE
	EndGlobalSection
	GlobalSection(ExtensibilityGlobals) = postSolution
		SolutionGuid = {E9259DFD-87C4-49CA-B5DC-20D0D734C46E}
	EndGlobalSection
EndGlobal
